// !$*UTF8*$!
{
	archiveVersion = 1;
	classes = {
	};
	objectVersion = 56;
	objects = {

/* Begin PBXBuildFile section */
		496DA6AF2C2BA9ED00147617 /* AppDelegate.swift in Sources */ = {isa = PBXBuildFile; fileRef = 496DA6AE2C2BA9ED00147617 /* AppDelegate.swift */; };
		496DA6B12C2BA9ED00147617 /* SceneDelegate.swift in Sources */ = {isa = PBXBuildFile; fileRef = 496DA6B02C2BA9ED00147617 /* SceneDelegate.swift */; };
		496DA6B32C2BA9ED00147617 /* ViewController.swift in Sources */ = {isa = PBXBuildFile; fileRef = 496DA6B22C2BA9ED00147617 /* ViewController.swift */; };
		496DA6B62C2BA9ED00147617 /* Base in Resources */ = {isa = PBXBuildFile; fileRef = 496DA6B52C2BA9ED00147617 /* Base */; };
		496DA6B92C2BA9ED00147617 /* TrainingSchedule.xcdatamodeld in Sources */ = {isa = PBXBuildFile; fileRef = 496DA6B72C2BA9ED00147617 /* TrainingSchedule.xcdatamodeld */; };
		496DA6BB2C2BA9EE00147617 /* Assets.xcassets in Resources */ = {isa = PBXBuildFile; fileRef = 496DA6BA2C2BA9EE00147617 /* Assets.xcassets */; };
		496DA6BE2C2BA9EE00147617 /* Base in Resources */ = {isa = PBXBuildFile; fileRef = 496DA6BD2C2BA9EE00147617 /* Base */; };
		8385CAD75C0B08DB04B816F1 /* Pods_TrainingSchedule.framework in Frameworks */ = {isa = PBXBuildFile; fileRef = E6A40F2F52BB8F335AB68AD4 /* Pods_TrainingSchedule.framework */; };
/* End PBXBuildFile section */

/* Begin PBXFileReference section */
		446307F252543FBB558E229F /* Pods-TrainingSchedule.debug.xcconfig */ = {isa = PBXFileReference; includeInIndex = 1; lastKnownFileType = text.xcconfig; name = "Pods-TrainingSchedule.debug.xcconfig"; path = "Target Support Files/Pods-TrainingSchedule/Pods-TrainingSchedule.debug.xcconfig"; sourceTree = "<group>"; };
		496DA6AB2C2BA9ED00147617 /* TrainingSchedule.app */ = {isa = PBXFileReference; explicitFileType = wrapper.application; includeInIndex = 0; path = TrainingSchedule.app; sourceTree = BUILT_PRODUCTS_DIR; };
		496DA6AE2C2BA9ED00147617 /* AppDelegate.swift */ = {isa = PBXFileReference; lastKnownFileType = sourcecode.swift; path = AppDelegate.swift; sourceTree = "<group>"; };
		496DA6B02C2BA9ED00147617 /* SceneDelegate.swift */ = {isa = PBXFileReference; lastKnownFileType = sourcecode.swift; path = SceneDelegate.swift; sourceTree = "<group>"; };
		496DA6B22C2BA9ED00147617 /* ViewController.swift */ = {isa = PBXFileReference; lastKnownFileType = sourcecode.swift; path = ViewController.swift; sourceTree = "<group>"; };
		496DA6B52C2BA9ED00147617 /* Base */ = {isa = PBXFileReference; lastKnownFileType = file.storyboard; name = Base; path = Base.lproj/Main.storyboard; sourceTree = "<group>"; };
		496DA6B82C2BA9ED00147617 /* TrainingSchedule.xcdatamodel */ = {isa = PBXFileReference; lastKnownFileType = wrapper.xcdatamodel; path = TrainingSchedule.xcdatamodel; sourceTree = "<group>"; };
		496DA6BA2C2BA9EE00147617 /* Assets.xcassets */ = {isa = PBXFileReference; lastKnownFileType = folder.assetcatalog; path = Assets.xcassets; sourceTree = "<group>"; };
		496DA6BD2C2BA9EE00147617 /* Base */ = {isa = PBXFileReference; lastKnownFileType = file.storyboard; name = Base; path = Base.lproj/LaunchScreen.storyboard; sourceTree = "<group>"; };
		496DA6BF2C2BA9EE00147617 /* Info.plist */ = {isa = PBXFileReference; lastKnownFileType = text.plist.xml; path = Info.plist; sourceTree = "<group>"; };
		881B9C2DB744B2773087EF9A /* Pods-TrainingSchedule.release.xcconfig */ = {isa = PBXFileReference; includeInIndex = 1; lastKnownFileType = text.xcconfig; name = "Pods-TrainingSchedule.release.xcconfig"; path = "Target Support Files/Pods-TrainingSchedule/Pods-TrainingSchedule.release.xcconfig"; sourceTree = "<group>"; };
		E6A40F2F52BB8F335AB68AD4 /* Pods_TrainingSchedule.framework */ = {isa = PBXFileReference; explicitFileType = wrapper.framework; includeInIndex = 0; path = Pods_TrainingSchedule.framework; sourceTree = BUILT_PRODUCTS_DIR; };
/* End PBXFileReference section */

/* Begin PBXFrameworksBuildPhase section */
		496DA6A82C2BA9ED00147617 /* Frameworks */ = {
			isa = PBXFrameworksBuildPhase;
			buildActionMask = 2147483647;
			files = (
				8385CAD75C0B08DB04B816F1 /* Pods_TrainingSchedule.framework in Frameworks */,
			);
			runOnlyForDeploymentPostprocessing = 0;
		};
/* End PBXFrameworksBuildPhase section */

/* Begin PBXGroup section */
		1B5B29D090A4E21AA360FDB2 /* Frameworks */ = {
			isa = PBXGroup;
			children = (
				E6A40F2F52BB8F335AB68AD4 /* Pods_TrainingSchedule.framework */,
			);
			name = Frameworks;
			sourceTree = "<group>";
		};
		496DA6A22C2BA9ED00147617 = {
			isa = PBXGroup;
			children = (
				496DA6AD2C2BA9ED00147617 /* TrainingSchedule */,
				496DA6AC2C2BA9ED00147617 /* Products */,
				6B5FA3F6B9E9569CC3921218 /* Pods */,
				1B5B29D090A4E21AA360FDB2 /* Frameworks */,
			);
			sourceTree = "<group>";
		};
		496DA6AC2C2BA9ED00147617 /* Products */ = {
			isa = PBXGroup;
			children = (
				496DA6AB2C2BA9ED00147617 /* TrainingSchedule.app */,
			);
			name = Products;
			sourceTree = "<group>";
		};
		496DA6AD2C2BA9ED00147617 /* TrainingSchedule */ = {
			isa = PBXGroup;
			children = (
				496DA6AE2C2BA9ED00147617 /* AppDelegate.swift */,
				496DA6B02C2BA9ED00147617 /* SceneDelegate.swift */,
				496DA6B22C2BA9ED00147617 /* ViewController.swift */,
				496DA6B42C2BA9ED00147617 /* Main.storyboard */,
				496DA6BA2C2BA9EE00147617 /* Assets.xcassets */,
				496DA6BC2C2BA9EE00147617 /* LaunchScreen.storyboard */,
				496DA6BF2C2BA9EE00147617 /* Info.plist */,
				496DA6B72C2BA9ED00147617 /* TrainingSchedule.xcdatamodeld */,
			);
			path = TrainingSchedule;
			sourceTree = "<group>";
		};
		6B5FA3F6B9E9569CC3921218 /* Pods */ = {
			isa = PBXGroup;
			children = (
				446307F252543FBB558E229F /* Pods-TrainingSchedule.debug.xcconfig */,
				881B9C2DB744B2773087EF9A /* Pods-TrainingSchedule.release.xcconfig */,
			);
			path = Pods;
			sourceTree = "<group>";
		};
/* End PBXGroup section */

/* Begin PBXNativeTarget section */
		496DA6AA2C2BA9ED00147617 /* TrainingSchedule */ = {
			isa = PBXNativeTarget;
			buildConfigurationList = 496DA6C22C2BA9EE00147617 /* Build configuration list for PBXNativeTarget "TrainingSchedule" */;
			buildPhases = (
				2F01106E0AEA5B65B2AD8F7B /* [CP] Check Pods Manifest.lock */,
				496DA6A72C2BA9ED00147617 /* Sources */,
				496DA6A82C2BA9ED00147617 /* Frameworks */,
				496DA6A92C2BA9ED00147617 /* Resources */,
				496DA6C52C2BAAC400147617 /* ShellScript */,
			);
			buildRules = (
			);
			dependencies = (
			);
			name = TrainingSchedule;
			productName = TrainingSchedule;
			productReference = 496DA6AB2C2BA9ED00147617 /* TrainingSchedule.app */;
			productType = "com.apple.product-type.application";
		};
/* End PBXNativeTarget section */

/* Begin PBXProject section */
		496DA6A32C2BA9ED00147617 /* Project object */ = {
			isa = PBXProject;
			attributes = {
				BuildIndependentTargetsInParallel = 1;
				LastSwiftUpdateCheck = 1540;
				LastUpgradeCheck = 1540;
				TargetAttributes = {
					496DA6AA2C2BA9ED00147617 = {
						CreatedOnToolsVersion = 15.4;
					};
				};
			};
			buildConfigurationList = 496DA6A62C2BA9ED00147617 /* Build configuration list for PBXProject "TrainingSchedule" */;
			compatibilityVersion = "Xcode 14.0";
			developmentRegion = en;
			hasScannedForEncodings = 0;
			knownRegions = (
				en,
				Base,
			);
			mainGroup = 496DA6A22C2BA9ED00147617;
			productRefGroup = 496DA6AC2C2BA9ED00147617 /* Products */;
			projectDirPath = "";
			projectRoot = "";
			targets = (
				496DA6AA2C2BA9ED00147617 /* TrainingSchedule */,
			);
		};
/* End PBXProject section */

/* Begin PBXResourcesBuildPhase section */
		496DA6A92C2BA9ED00147617 /* Resources */ = {
			isa = PBXResourcesBuildPhase;
			buildActionMask = 2147483647;
			files = (
				496DA6BB2C2BA9EE00147617 /* Assets.xcassets in Resources */,
				496DA6BE2C2BA9EE00147617 /* Base in Resources */,
				496DA6B62C2BA9ED00147617 /* Base in Resources */,
			);
			runOnlyForDeploymentPostprocessing = 0;
		};
/* End PBXResourcesBuildPhase section */

/* Begin PBXShellScriptBuildPhase section */
		2F01106E0AEA5B65B2AD8F7B /* [CP] Check Pods Manifest.lock */ = {
			isa = PBXShellScriptBuildPhase;
			buildActionMask = 2147483647;
			files = (
			);
			inputFileListPaths = (
			);
			inputPaths = (
				"${PODS_PODFILE_DIR_PATH}/Podfile.lock",
				"${PODS_ROOT}/Manifest.lock",
			);
			name = "[CP] Check Pods Manifest.lock";
			outputFileListPaths = (
			);
			outputPaths = (
				"$(DERIVED_FILE_DIR)/Pods-TrainingSchedule-checkManifestLockResult.txt",
			);
			runOnlyForDeploymentPostprocessing = 0;
			shellPath = /bin/sh;
			shellScript = "diff \"${PODS_PODFILE_DIR_PATH}/Podfile.lock\" \"${PODS_ROOT}/Manifest.lock\" > /dev/null\nif [ $? != 0 ] ; then\n    # print error to STDERR\n    echo \"error: The sandbox is not in sync with the Podfile.lock. Run 'pod install' or update your CocoaPods installation.\" >&2\n    exit 1\nfi\n# This output is used by Xcode 'outputs' to avoid re-running this script phase.\necho \"SUCCESS\" > \"${SCRIPT_OUTPUT_FILE_0}\"\n";
			showEnvVarsInLog = 0;
		};
		496DA6C52C2BAAC400147617 /* ShellScript */ = {
			isa = PBXShellScriptBuildPhase;
			alwaysOutOfDate = 1;
			buildActionMask = 12;
			files = (
			);
			inputFileListPaths = (
			);
			inputPaths = (
			);
			outputFileListPaths = (
			);
			outputPaths = (
			);
			runOnlyForDeploymentPostprocessing = 0;
			shellPath = /bin/sh;
			shellScript = "${PODS_ROOT}/SwiftLint/swiftlint\n";
			showEnvVarsInLog = 0;
		};
/* End PBXShellScriptBuildPhase section */

/* Begin PBXSourcesBuildPhase section */
		496DA6A72C2BA9ED00147617 /* Sources */ = {
			isa = PBXSourcesBuildPhase;
			buildActionMask = 2147483647;
			files = (
				496DA6B32C2BA9ED00147617 /* ViewController.swift in Sources */,
				496DA6AF2C2BA9ED00147617 /* AppDelegate.swift in Sources */,
				496DA6B92C2BA9ED00147617 /* TrainingSchedule.xcdatamodeld in Sources */,
				496DA6B12C2BA9ED00147617 /* SceneDelegate.swift in Sources */,
			);
			runOnlyForDeploymentPostprocessing = 0;
		};
/* End PBXSourcesBuildPhase section */

/* Begin PBXVariantGroup section */
		496DA6B42C2BA9ED00147617 /* Main.storyboard */ = {
			isa = PBXVariantGroup;
			children = (
				496DA6B52C2BA9ED00147617 /* Base */,
			);
			name = Main.storyboard;
			sourceTree = "<group>";
		};
		496DA6BC2C2BA9EE00147617 /* LaunchScreen.storyboard */ = {
			isa = PBXVariantGroup;
			children = (
				496DA6BD2C2BA9EE00147617 /* Base */,
			);
			name = LaunchScreen.storyboard;
			sourceTree = "<group>";
		};
/* End PBXVariantGroup section */

/* Begin XCBuildConfiguration section */
		496DA6C02C2BA9EE00147617 /* Debug */ = {
			isa = XCBuildConfiguration;
			buildSettings = {
				ALWAYS_SEARCH_USER_PATHS = NO;
				ASSETCATALOG_COMPILER_GENERATE_SWIFT_ASSET_SYMBOL_EXTENSIONS = YES;
				CLANG_ANALYZER_NONNULL = YES;
				CLANG_ANALYZER_NUMBER_OBJECT_CONVERSION = YES_AGGRESSIVE;
				CLANG_CXX_LANGUAGE_STANDARD = "gnu++20";
				CLANG_ENABLE_MODULES = YES;
				CLANG_ENABLE_OBJC_ARC = YES;
				CLANG_ENABLE_OBJC_WEAK = YES;
				CLANG_WARN_BLOCK_CAPTURE_AUTORELEASING = YES;
				CLANG_WARN_BOOL_CONVERSION = YES;
				CLANG_WARN_COMMA = YES;
				CLANG_WARN_CONSTANT_CONVERSION = YES;
				CLANG_WARN_DEPRECATED_OBJC_IMPLEMENTATIONS = YES;
				CLANG_WARN_DIRECT_OBJC_ISA_USAGE = YES_ERROR;
				CLANG_WARN_DOCUMENTATION_COMMENTS = YES;
				CLANG_WARN_EMPTY_BODY = YES;
				CLANG_WARN_ENUM_CONVERSION = YES;
				CLANG_WARN_INFINITE_RECURSION = YES;
				CLANG_WARN_INT_CONVERSION = YES;
				CLANG_WARN_NON_LITERAL_NULL_CONVERSION = YES;
				CLANG_WARN_OBJC_IMPLICIT_RETAIN_SELF = YES;
				CLANG_WARN_OBJC_LITERAL_CONVERSION = YES;
				CLANG_WARN_OBJC_ROOT_CLASS = YES_ERROR;
				CLANG_WARN_QUOTED_INCLUDE_IN_FRAMEWORK_HEADER = YES;
				CLANG_WARN_RANGE_LOOP_ANALYSIS = YES;
				CLANG_WARN_STRICT_PROTOTYPES = YES;
				CLANG_WARN_SUSPICIOUS_MOVE = YES;
				CLANG_WARN_UNGUARDED_AVAILABILITY = YES_AGGRESSIVE;
				CLANG_WARN_UNREACHABLE_CODE = YES;
				CLANG_WARN__DUPLICATE_METHOD_MATCH = YES;
				COPY_PHASE_STRIP = NO;
				DEBUG_INFORMATION_FORMAT = dwarf;
				ENABLE_STRICT_OBJC_MSGSEND = YES;
				ENABLE_TESTABILITY = YES;
				ENABLE_USER_SCRIPT_SANDBOXING = YES;
				GCC_C_LANGUAGE_STANDARD = gnu17;
				GCC_DYNAMIC_NO_PIC = NO;
				GCC_NO_COMMON_BLOCKS = YES;
				GCC_OPTIMIZATION_LEVEL = 0;
				GCC_PREPROCESSOR_DEFINITIONS = (
					"DEBUG=1",
					"$(inherited)",
				);
				GCC_WARN_64_TO_32_BIT_CONVERSION = YES;
				GCC_WARN_ABOUT_RETURN_TYPE = YES_ERROR;
				GCC_WARN_UNDECLARED_SELECTOR = YES;
				GCC_WARN_UNINITIALIZED_AUTOS = YES_AGGRESSIVE;
				GCC_WARN_UNUSED_FUNCTION = YES;
				GCC_WARN_UNUSED_VARIABLE = YES;
				IPHONEOS_DEPLOYMENT_TARGET = 17.5;
				LOCALIZATION_PREFERS_STRING_CATALOGS = YES;
				MTL_ENABLE_DEBUG_INFO = INCLUDE_SOURCE;
				MTL_FAST_MATH = YES;
				ONLY_ACTIVE_ARCH = YES;
				SDKROOT = iphoneos;
				SWIFT_ACTIVE_COMPILATION_CONDITIONS = "DEBUG $(inherited)";
				SWIFT_OPTIMIZATION_LEVEL = "-Onone";
			};
			name = Debug;
		};
		496DA6C12C2BA9EE00147617 /* Release */ = {
			isa = XCBuildConfiguration;
			buildSettings = {
				ALWAYS_SEARCH_USER_PATHS = NO;
				ASSETCATALOG_COMPILER_GENERATE_SWIFT_ASSET_SYMBOL_EXTENSIONS = YES;
				CLANG_ANALYZER_NONNULL = YES;
				CLANG_ANALYZER_NUMBER_OBJECT_CONVERSION = YES_AGGRESSIVE;
				CLANG_CXX_LANGUAGE_STANDARD = "gnu++20";
				CLANG_ENABLE_MODULES = YES;
				CLANG_ENABLE_OBJC_ARC = YES;
				CLANG_ENABLE_OBJC_WEAK = YES;
				CLANG_WARN_BLOCK_CAPTURE_AUTORELEASING = YES;
				CLANG_WARN_BOOL_CONVERSION = YES;
				CLANG_WARN_COMMA = YES;
				CLANG_WARN_CONSTANT_CONVERSION = YES;
				CLANG_WARN_DEPRECATED_OBJC_IMPLEMENTATIONS = YES;
				CLANG_WARN_DIRECT_OBJC_ISA_USAGE = YES_ERROR;
				CLANG_WARN_DOCUMENTATION_COMMENTS = YES;
				CLANG_WARN_EMPTY_BODY = YES;
				CLANG_WARN_ENUM_CONVERSION = YES;
				CLANG_WARN_INFINITE_RECURSION = YES;
				CLANG_WARN_INT_CONVERSION = YES;
				CLANG_WARN_NON_LITERAL_NULL_CONVERSION = YES;
				CLANG_WARN_OBJC_IMPLICIT_RETAIN_SELF = YES;
				CLANG_WARN_OBJC_LITERAL_CONVERSION = YES;
				CLANG_WARN_OBJC_ROOT_CLASS = YES_ERROR;
				CLANG_WARN_QUOTED_INCLUDE_IN_FRAMEWORK_HEADER = YES;
				CLANG_WARN_RANGE_LOOP_ANALYSIS = YES;
				CLANG_WARN_STRICT_PROTOTYPES = YES;
				CLANG_WARN_SUSPICIOUS_MOVE = YES;
				CLANG_WARN_UNGUARDED_AVAILABILITY = YES_AGGRESSIVE;
				CLANG_WARN_UNREACHABLE_CODE = YES;
				CLANG_WARN__DUPLICATE_METHOD_MATCH = YES;
				COPY_PHASE_STRIP = NO;
				DEBUG_INFORMATION_FORMAT = "dwarf-with-dsym";
				ENABLE_NS_ASSERTIONS = NO;
				ENABLE_STRICT_OBJC_MSGSEND = YES;
				ENABLE_USER_SCRIPT_SANDBOXING = YES;
				GCC_C_LANGUAGE_STANDARD = gnu17;
				GCC_NO_COMMON_BLOCKS = YES;
				GCC_WARN_64_TO_32_BIT_CONVERSION = YES;
				GCC_WARN_ABOUT_RETURN_TYPE = YES_ERROR;
				GCC_WARN_UNDECLARED_SELECTOR = YES;
				GCC_WARN_UNINITIALIZED_AUTOS = YES_AGGRESSIVE;
				GCC_WARN_UNUSED_FUNCTION = YES;
				GCC_WARN_UNUSED_VARIABLE = YES;
				IPHONEOS_DEPLOYMENT_TARGET = 17.5;
				LOCALIZATION_PREFERS_STRING_CATALOGS = YES;
				MTL_ENABLE_DEBUG_INFO = NO;
				MTL_FAST_MATH = YES;
				SDKROOT = iphoneos;
				SWIFT_COMPILATION_MODE = wholemodule;
				VALIDATE_PRODUCT = YES;
			};
			name = Release;
		};
		496DA6C32C2BA9EE00147617 /* Debug */ = {
			isa = XCBuildConfiguration;
			baseConfigurationReference = 446307F252543FBB558E229F /* Pods-TrainingSchedule.debug.xcconfig */;
			buildSettings = {
				ASSETCATALOG_COMPILER_APPICON_NAME = AppIcon;
				ASSETCATALOG_COMPILER_GLOBAL_ACCENT_COLOR_NAME = AccentColor;
				CODE_SIGN_STYLE = Automatic;
				CURRENT_PROJECT_VERSION = 1;
				ENABLE_USER_SCRIPT_SANDBOXING = NO;
				GENERATE_INFOPLIST_FILE = YES;
				INFOPLIST_FILE = TrainingSchedule/Info.plist;
				INFOPLIST_KEY_UIApplicationSupportsIndirectInputEvents = YES;
				INFOPLIST_KEY_UILaunchStoryboardName = LaunchScreen;
				INFOPLIST_KEY_UIMainStoryboardFile = Main;
				INFOPLIST_KEY_UISupportedInterfaceOrientations_iPad = "UIInterfaceOrientationPortrait UIInterfaceOrientationPortraitUpsideDown UIInterfaceOrientationLandscapeLeft UIInterfaceOrientationLandscapeRight";
				INFOPLIST_KEY_UISupportedInterfaceOrientations_iPhone = "UIInterfaceOrientationPortrait UIInterfaceOrientationLandscapeLeft UIInterfaceOrientationLandscapeRight";
				LD_RUNPATH_SEARCH_PATHS = (
					"$(inherited)",
					"@executable_path/Frameworks",
				);
				MARKETING_VERSION = 1.0;
				PRODUCT_BUNDLE_IDENTIFIER = haru.TrainingSchedule;
				PRODUCT_NAME = "$(TARGET_NAME)";
				SWIFT_EMIT_LOC_STRINGS = YES;
				SWIFT_VERSION = 5.0;
				TARGETED_DEVICE_FAMILY = "1,2";
			};
			name = Debug;
		};
		496DA6C42C2BA9EE00147617 /* Release */ = {
			isa = XCBuildConfiguration;
			baseConfigurationReference = 881B9C2DB744B2773087EF9A /* Pods-TrainingSchedule.release.xcconfig */;
			buildSettings = {
				ASSETCATALOG_COMPILER_APPICON_NAME = AppIcon;
				ASSETCATALOG_COMPILER_GLOBAL_ACCENT_COLOR_NAME = AccentColor;
				CODE_SIGN_STYLE = Automatic;
				CURRENT_PROJECT_VERSION = 1;
				ENABLE_USER_SCRIPT_SANDBOXING = NO;
				GENERATE_INFOPLIST_FILE = YES;
				INFOPLIST_FILE = TrainingSchedule/Info.plist;
				INFOPLIST_KEY_UIApplicationSupportsIndirectInputEvents = YES;
				INFOPLIST_KEY_UILaunchStoryboardName = LaunchScreen;
				INFOPLIST_KEY_UIMainStoryboardFile = Main;
				INFOPLIST_KEY_UISupportedInterfaceOrientations_iPad = "UIInterfaceOrientationPortrait UIInterfaceOrientationPortraitUpsideDown UIInterfaceOrientationLandscapeLeft UIInterfaceOrientationLandscapeRight";
				INFOPLIST_KEY_UISupportedInterfaceOrientations_iPhone = "UIInterfaceOrientationPortrait UIInterfaceOrientationLandscapeLeft UIInterfaceOrientationLandscapeRight";
				LD_RUNPATH_SEARCH_PATHS = (
					"$(inherited)",
					"@executable_path/Frameworks",
				);
				MARKETING_VERSION = 1.0;
				PRODUCT_BUNDLE_IDENTIFIER = haru.TrainingSchedule;
				PRODUCT_NAME = "$(TARGET_NAME)";
				SWIFT_EMIT_LOC_STRINGS = YES;
				SWIFT_VERSION = 5.0;
				TARGETED_DEVICE_FAMILY = "1,2";
			};
			name = Release;
		};
/* End XCBuildConfiguration section */

/* Begin XCConfigurationList section */
		496DA6A62C2BA9ED00147617 /* Build configuration list for PBXProject "TrainingSchedule" */ = {
			isa = XCConfigurationList;
			buildConfigurations = (
				496DA6C02C2BA9EE00147617 /* Debug */,
				496DA6C12C2BA9EE00147617 /* Release */,
			);
			defaultConfigurationIsVisible = 0;
			defaultConfigurationName = Release;
		};
		496DA6C22C2BA9EE00147617 /* Build configuration list for PBXNativeTarget "TrainingSchedule" */ = {
			isa = XCConfigurationList;
			buildConfigurations = (
				496DA6C32C2BA9EE00147617 /* Debug */,
				496DA6C42C2BA9EE00147617 /* Release */,
			);
			defaultConfigurationIsVisible = 0;
			defaultConfigurationName = Release;
		};
/* End XCConfigurationList section */

/* Begin XCVersionGroup section */
		496DA6B72C2BA9ED00147617 /* TrainingSchedule.xcdatamodeld */ = {
			isa = XCVersionGroup;
			children = (
				496DA6B82C2BA9ED00147617 /* TrainingSchedule.xcdatamodel */,
			);
			currentVersion = 496DA6B82C2BA9ED00147617 /* TrainingSchedule.xcdatamodel */;
			path = TrainingSchedule.xcdatamodeld;
			sourceTree = "<group>";
			versionGroupType = wrapper.xcdatamodel;
		};
/* End XCVersionGroup section */
	};
	rootObject = 496DA6A32C2BA9ED00147617 /* Project object */;
}
