// !$*UTF8*$!
{
	archiveVersion = 1;
	classes = {
	};
	objectVersion = 56;
	objects = {

/* Begin PBXBuildFile section */
		490DFE2E2C3D0ED30043AB05 /* CalendarViewController.swift in Sources */ = {isa = PBXBuildFile; fileRef = 490DFE2D2C3D0ED30043AB05 /* CalendarViewController.swift */; };
		490DFE342C3D11AD0043AB05 /* CalendarViewModel.swift in Sources */ = {isa = PBXBuildFile; fileRef = 490DFE332C3D11AD0043AB05 /* CalendarViewModel.swift */; };
		490DFE3B2C3D337D0043AB05 /* GeneralUserDefaults.swift in Sources */ = {isa = PBXBuildFile; fileRef = 490DFE3A2C3D337D0043AB05 /* GeneralUserDefaults.swift */; };
		490DFE492C3E2EF00043AB05 /* CalendarCell.swift in Sources */ = {isa = PBXBuildFile; fileRef = 490DFE482C3E2EF00043AB05 /* CalendarCell.swift */; };
		490DFE4D2C3E600B0043AB05 /* CalendarDate.swift in Sources */ = {isa = PBXBuildFile; fileRef = 490DFE4C2C3E600B0043AB05 /* CalendarDate.swift */; };
		490DFE512C3E6A620043AB05 /* CalendarDetailViewController.swift in Sources */ = {isa = PBXBuildFile; fileRef = 490DFE502C3E6A620043AB05 /* CalendarDetailViewController.swift */; };
		490DFE542C3E6B0B0043AB05 /* CalendarDetailCell.swift in Sources */ = {isa = PBXBuildFile; fileRef = 490DFE532C3E6B0B0043AB05 /* CalendarDetailCell.swift */; };
		490DFE562C3E6E210043AB05 /* CalendarDetailViewModel.swift in Sources */ = {isa = PBXBuildFile; fileRef = 490DFE552C3E6E210043AB05 /* CalendarDetailViewModel.swift */; };
		490DFE592C3F73430043AB05 /* CalendarEditViewController.swift in Sources */ = {isa = PBXBuildFile; fileRef = 490DFE582C3F73430043AB05 /* CalendarEditViewController.swift */; };
		490DFE5B2C3F7BBA0043AB05 /* CalendarEditViewModel.swift in Sources */ = {isa = PBXBuildFile; fileRef = 490DFE5A2C3F7BBA0043AB05 /* CalendarEditViewModel.swift */; };
		490DFE5E2C40D0680043AB05 /* Router.swift in Sources */ = {isa = PBXBuildFile; fileRef = 490DFE5D2C40D0680043AB05 /* Router.swift */; };
		490DFE602C40D1BC0043AB05 /* Service.swift in Sources */ = {isa = PBXBuildFile; fileRef = 490DFE5F2C40D1BC0043AB05 /* Service.swift */; };
		490DFE632C40D3250043AB05 /* BaseService.swift in Sources */ = {isa = PBXBuildFile; fileRef = 490DFE622C40D3250043AB05 /* BaseService.swift */; };
		490DFE652C40D3AF0043AB05 /* Repository.swift in Sources */ = {isa = PBXBuildFile; fileRef = 490DFE642C40D3AF0043AB05 /* Repository.swift */; };
		493EFC472C339BF7007A4A0F /* WeatherStatusView.swift in Sources */ = {isa = PBXBuildFile; fileRef = 493EFC462C339BF7007A4A0F /* WeatherStatusView.swift */; };
		493EFC4A2C339C05007A4A0F /* WeatherStatusView.xib in Resources */ = {isa = PBXBuildFile; fileRef = 493EFC492C339C05007A4A0F /* WeatherStatusView.xib */; };
		493EFC4C2C33AB65007A4A0F /* UIView+Extension.swift in Sources */ = {isa = PBXBuildFile; fileRef = 493EFC4B2C33AB65007A4A0F /* UIView+Extension.swift */; };
		493EFC522C33D367007A4A0F /* WeatherHeaderView.swift in Sources */ = {isa = PBXBuildFile; fileRef = 493EFC512C33D367007A4A0F /* WeatherHeaderView.swift */; };
		493EFC562C33D428007A4A0F /* WeatherHeaderView.xib in Resources */ = {isa = PBXBuildFile; fileRef = 493EFC552C33D428007A4A0F /* WeatherHeaderView.xib */; };
		493EFC7F2C3538CC007A4A0F /* MapViewModel.swift in Sources */ = {isa = PBXBuildFile; fileRef = 493EFC7E2C3538CC007A4A0F /* MapViewModel.swift */; };
		493EFC822C3539F9007A4A0F /* MapViewController.swift in Sources */ = {isa = PBXBuildFile; fileRef = 493EFC812C3539F9007A4A0F /* MapViewController.swift */; };
		493EFC872C355540007A4A0F /* RoundButton.swift in Sources */ = {isa = PBXBuildFile; fileRef = 493EFC862C355540007A4A0F /* RoundButton.swift */; };
		493EFC892C363553007A4A0F /* Data.swift in Sources */ = {isa = PBXBuildFile; fileRef = 493EFC882C363553007A4A0F /* Data.swift */; };
		493EFCAB2C364D3A007A4A0F /* MapPopupViewController.swift in Sources */ = {isa = PBXBuildFile; fileRef = 493EFCA92C364D3A007A4A0F /* MapPopupViewController.swift */; };
		493EFCAC2C364D3A007A4A0F /* MapPopupViewController.xib in Resources */ = {isa = PBXBuildFile; fileRef = 493EFCAA2C364D3A007A4A0F /* MapPopupViewController.xib */; };
		49463A712C2BFCCE00B40AC9 /* TabbarViewController.swift in Sources */ = {isa = PBXBuildFile; fileRef = 49463A702C2BFCCE00B40AC9 /* TabbarViewController.swift */; };
		49463A742C2BFEA200B40AC9 /* UIViewController+Extension.swift in Sources */ = {isa = PBXBuildFile; fileRef = 49463A732C2BFEA200B40AC9 /* UIViewController+Extension.swift */; };
		49463A792C2C037E00B40AC9 /* WeatherViewController.swift in Sources */ = {isa = PBXBuildFile; fileRef = 49463A782C2C037E00B40AC9 /* WeatherViewController.swift */; };
		49486CC52C52543C00EF6A1C /* AchivementViewController.swift in Sources */ = {isa = PBXBuildFile; fileRef = 49486CC42C52543C00EF6A1C /* AchivementViewController.swift */; };
		49600AE42C32537F00DDC4F1 /* WeatherCollectionViewCell.xib in Resources */ = {isa = PBXBuildFile; fileRef = 49600AE32C32537F00DDC4F1 /* WeatherCollectionViewCell.xib */; };
		49600AE52C32537F00DDC4F1 /* WeatherCollectionViewCell.swift in Sources */ = {isa = PBXBuildFile; fileRef = 49600AE22C32537F00DDC4F1 /* WeatherCollectionViewCell.swift */; };
		496C311B2C48EFAA007AB8B5 /* RunningHistory+CoreDataProperties.swift in Sources */ = {isa = PBXBuildFile; fileRef = 496C31192C48EFAA007AB8B5 /* RunningHistory+CoreDataProperties.swift */; };
		496C311C2C48EFAA007AB8B5 /* RunningHistory+CoreDataClass.swift in Sources */ = {isa = PBXBuildFile; fileRef = 496C311A2C48EFAA007AB8B5 /* RunningHistory+CoreDataClass.swift */; };
		496DA6AF2C2BA9ED00147617 /* AppDelegate.swift in Sources */ = {isa = PBXBuildFile; fileRef = 496DA6AE2C2BA9ED00147617 /* AppDelegate.swift */; };
		496DA6B12C2BA9ED00147617 /* SceneDelegate.swift in Sources */ = {isa = PBXBuildFile; fileRef = 496DA6B02C2BA9ED00147617 /* SceneDelegate.swift */; };
		496DA6B62C2BA9ED00147617 /* Base in Resources */ = {isa = PBXBuildFile; fileRef = 496DA6B52C2BA9ED00147617 /* Base */; };
		496DA6B92C2BA9ED00147617 /* TrainingSchedule.xcdatamodeld in Sources */ = {isa = PBXBuildFile; fileRef = 496DA6B72C2BA9ED00147617 /* TrainingSchedule.xcdatamodeld */; };
		496DA6BB2C2BA9EE00147617 /* Assets.xcassets in Resources */ = {isa = PBXBuildFile; fileRef = 496DA6BA2C2BA9EE00147617 /* Assets.xcassets */; };
		496DA6BE2C2BA9EE00147617 /* Base in Resources */ = {isa = PBXBuildFile; fileRef = 496DA6BD2C2BA9EE00147617 /* Base */; };
		496DA6CF2C2BB34500147617 /* OnboardingViewController.swift in Sources */ = {isa = PBXBuildFile; fileRef = 496DA6CE2C2BB34500147617 /* OnboardingViewController.swift */; };
		496DA6D12C2BB7B500147617 /* OnboardingSlide.swift in Sources */ = {isa = PBXBuildFile; fileRef = 496DA6D02C2BB7B500147617 /* OnboardingSlide.swift */; };
		496DA6D32C2BBA9300147617 /* OnboardingCollectionViewCell.swift in Sources */ = {isa = PBXBuildFile; fileRef = 496DA6D22C2BBA9300147617 /* OnboardingCollectionViewCell.swift */; };
		496DA6DA2C2BE6F500147617 /* OnboardingData.swift in Sources */ = {isa = PBXBuildFile; fileRef = 496DA6D92C2BE6F500147617 /* OnboardingData.swift */; };
		4986AEAF2C3290D600581465 /* RoundCornerStackView.swift in Sources */ = {isa = PBXBuildFile; fileRef = 4986AEAE2C3290D600581465 /* RoundCornerStackView.swift */; };
		4986AEB22C32930300581465 /* WeatherWindView.swift in Sources */ = {isa = PBXBuildFile; fileRef = 4986AEB12C32930300581465 /* WeatherWindView.swift */; };
		4986AEB42C32931100581465 /* WeatherWindView.xib in Resources */ = {isa = PBXBuildFile; fileRef = 4986AEB32C32931100581465 /* WeatherWindView.xib */; };
		49CCED622C2D100C00F1B513 /* WeatherStatus.swift in Sources */ = {isa = PBXBuildFile; fileRef = 49CCED612C2D100C00F1B513 /* WeatherStatus.swift */; };
		49CCED662C2D399400F1B513 /* WeatherViewModel.swift in Sources */ = {isa = PBXBuildFile; fileRef = 49CCED652C2D399400F1B513 /* WeatherViewModel.swift */; };
		49CCED892C2E5CEF00F1B513 /* URLSession+Extension.swift in Sources */ = {isa = PBXBuildFile; fileRef = 49CCED882C2E5CEF00F1B513 /* URLSession+Extension.swift */; };
		49CCED8B2C2E62CA00F1B513 /* WeatherForecastStatus.swift in Sources */ = {isa = PBXBuildFile; fileRef = 49CCED8A2C2E62CA00F1B513 /* WeatherForecastStatus.swift */; };
		49CCED8D2C2E640300F1B513 /* Weather.swift in Sources */ = {isa = PBXBuildFile; fileRef = 49CCED8C2C2E640300F1B513 /* Weather.swift */; };
		49DD4CBE2C2EA16B0000F0B2 /* String.swift in Sources */ = {isa = PBXBuildFile; fileRef = 49DD4CBD2C2EA16B0000F0B2 /* String.swift */; };
		49DD4CC02C2EA2190000F0B2 /* Double.swift in Sources */ = {isa = PBXBuildFile; fileRef = 49DD4CBF2C2EA2190000F0B2 /* Double.swift */; };
		8385CAD75C0B08DB04B816F1 /* Pods_TrainingSchedule.framework in Frameworks */ = {isa = PBXBuildFile; fileRef = E6A40F2F52BB8F335AB68AD4 /* Pods_TrainingSchedule.framework */; };
/* End PBXBuildFile section */

/* Begin PBXFileReference section */
		446307F252543FBB558E229F /* Pods-TrainingSchedule.debug.xcconfig */ = {isa = PBXFileReference; includeInIndex = 1; lastKnownFileType = text.xcconfig; name = "Pods-TrainingSchedule.debug.xcconfig"; path = "Target Support Files/Pods-TrainingSchedule/Pods-TrainingSchedule.debug.xcconfig"; sourceTree = "<group>"; };
		490DFE2D2C3D0ED30043AB05 /* CalendarViewController.swift */ = {isa = PBXFileReference; lastKnownFileType = sourcecode.swift; path = CalendarViewController.swift; sourceTree = "<group>"; };
		490DFE332C3D11AD0043AB05 /* CalendarViewModel.swift */ = {isa = PBXFileReference; lastKnownFileType = sourcecode.swift; path = CalendarViewModel.swift; sourceTree = "<group>"; };
		490DFE3A2C3D337D0043AB05 /* GeneralUserDefaults.swift */ = {isa = PBXFileReference; lastKnownFileType = sourcecode.swift; path = GeneralUserDefaults.swift; sourceTree = "<group>"; };
		490DFE482C3E2EF00043AB05 /* CalendarCell.swift */ = {isa = PBXFileReference; lastKnownFileType = sourcecode.swift; path = CalendarCell.swift; sourceTree = "<group>"; };
		490DFE4C2C3E600B0043AB05 /* CalendarDate.swift */ = {isa = PBXFileReference; lastKnownFileType = sourcecode.swift; path = CalendarDate.swift; sourceTree = "<group>"; };
		490DFE502C3E6A620043AB05 /* CalendarDetailViewController.swift */ = {isa = PBXFileReference; lastKnownFileType = sourcecode.swift; path = CalendarDetailViewController.swift; sourceTree = "<group>"; };
		490DFE532C3E6B0B0043AB05 /* CalendarDetailCell.swift */ = {isa = PBXFileReference; lastKnownFileType = sourcecode.swift; path = CalendarDetailCell.swift; sourceTree = "<group>"; };
		490DFE552C3E6E210043AB05 /* CalendarDetailViewModel.swift */ = {isa = PBXFileReference; lastKnownFileType = sourcecode.swift; path = CalendarDetailViewModel.swift; sourceTree = "<group>"; };
		490DFE582C3F73430043AB05 /* CalendarEditViewController.swift */ = {isa = PBXFileReference; lastKnownFileType = sourcecode.swift; path = CalendarEditViewController.swift; sourceTree = "<group>"; };
		490DFE5A2C3F7BBA0043AB05 /* CalendarEditViewModel.swift */ = {isa = PBXFileReference; lastKnownFileType = sourcecode.swift; path = CalendarEditViewModel.swift; sourceTree = "<group>"; };
		490DFE5D2C40D0680043AB05 /* Router.swift */ = {isa = PBXFileReference; lastKnownFileType = sourcecode.swift; path = Router.swift; sourceTree = "<group>"; };
		490DFE5F2C40D1BC0043AB05 /* Service.swift */ = {isa = PBXFileReference; lastKnownFileType = sourcecode.swift; path = Service.swift; sourceTree = "<group>"; };
		490DFE622C40D3250043AB05 /* BaseService.swift */ = {isa = PBXFileReference; lastKnownFileType = sourcecode.swift; path = BaseService.swift; sourceTree = "<group>"; };
		490DFE642C40D3AF0043AB05 /* Repository.swift */ = {isa = PBXFileReference; lastKnownFileType = sourcecode.swift; path = Repository.swift; sourceTree = "<group>"; };
		493EFC462C339BF7007A4A0F /* WeatherStatusView.swift */ = {isa = PBXFileReference; lastKnownFileType = sourcecode.swift; path = WeatherStatusView.swift; sourceTree = "<group>"; };
		493EFC492C339C05007A4A0F /* WeatherStatusView.xib */ = {isa = PBXFileReference; lastKnownFileType = file.xib; path = WeatherStatusView.xib; sourceTree = "<group>"; };
		493EFC4B2C33AB65007A4A0F /* UIView+Extension.swift */ = {isa = PBXFileReference; lastKnownFileType = sourcecode.swift; path = "UIView+Extension.swift"; sourceTree = "<group>"; };
		493EFC512C33D367007A4A0F /* WeatherHeaderView.swift */ = {isa = PBXFileReference; lastKnownFileType = sourcecode.swift; path = WeatherHeaderView.swift; sourceTree = "<group>"; };
		493EFC552C33D428007A4A0F /* WeatherHeaderView.xib */ = {isa = PBXFileReference; lastKnownFileType = file.xib; path = WeatherHeaderView.xib; sourceTree = "<group>"; };
		493EFC7E2C3538CC007A4A0F /* MapViewModel.swift */ = {isa = PBXFileReference; lastKnownFileType = sourcecode.swift; path = MapViewModel.swift; sourceTree = "<group>"; };
		493EFC812C3539F9007A4A0F /* MapViewController.swift */ = {isa = PBXFileReference; lastKnownFileType = sourcecode.swift; path = MapViewController.swift; sourceTree = "<group>"; };
		493EFC862C355540007A4A0F /* RoundButton.swift */ = {isa = PBXFileReference; lastKnownFileType = sourcecode.swift; path = RoundButton.swift; sourceTree = "<group>"; };
		493EFC882C363553007A4A0F /* Data.swift */ = {isa = PBXFileReference; lastKnownFileType = sourcecode.swift; path = Data.swift; sourceTree = "<group>"; };
		493EFCA92C364D3A007A4A0F /* MapPopupViewController.swift */ = {isa = PBXFileReference; lastKnownFileType = sourcecode.swift; path = MapPopupViewController.swift; sourceTree = "<group>"; };
		493EFCAA2C364D3A007A4A0F /* MapPopupViewController.xib */ = {isa = PBXFileReference; lastKnownFileType = file.xib; path = MapPopupViewController.xib; sourceTree = "<group>"; };
		49463A702C2BFCCE00B40AC9 /* TabbarViewController.swift */ = {isa = PBXFileReference; lastKnownFileType = sourcecode.swift; path = TabbarViewController.swift; sourceTree = "<group>"; };
		49463A732C2BFEA200B40AC9 /* UIViewController+Extension.swift */ = {isa = PBXFileReference; lastKnownFileType = sourcecode.swift; path = "UIViewController+Extension.swift"; sourceTree = "<group>"; };
		49463A782C2C037E00B40AC9 /* WeatherViewController.swift */ = {isa = PBXFileReference; lastKnownFileType = sourcecode.swift; path = WeatherViewController.swift; sourceTree = "<group>"; };
		49486CC42C52543C00EF6A1C /* AchivementViewController.swift */ = {isa = PBXFileReference; lastKnownFileType = sourcecode.swift; path = AchivementViewController.swift; sourceTree = "<group>"; };
		49600AE22C32537F00DDC4F1 /* WeatherCollectionViewCell.swift */ = {isa = PBXFileReference; lastKnownFileType = sourcecode.swift; path = WeatherCollectionViewCell.swift; sourceTree = "<group>"; };
		49600AE32C32537F00DDC4F1 /* WeatherCollectionViewCell.xib */ = {isa = PBXFileReference; lastKnownFileType = file.xib; path = WeatherCollectionViewCell.xib; sourceTree = "<group>"; };
		496C31192C48EFAA007AB8B5 /* RunningHistory+CoreDataProperties.swift */ = {isa = PBXFileReference; fileEncoding = 4; lastKnownFileType = sourcecode.swift; name = "RunningHistory+CoreDataProperties.swift"; path = "TrainingSchedule/RunningHistory+CoreDataProperties.swift"; sourceTree = SOURCE_ROOT; };
		496C311A2C48EFAA007AB8B5 /* RunningHistory+CoreDataClass.swift */ = {isa = PBXFileReference; fileEncoding = 4; lastKnownFileType = sourcecode.swift; name = "RunningHistory+CoreDataClass.swift"; path = "TrainingSchedule/RunningHistory+CoreDataClass.swift"; sourceTree = SOURCE_ROOT; };
		496DA6AB2C2BA9ED00147617 /* TrainingSchedule.app */ = {isa = PBXFileReference; explicitFileType = wrapper.application; includeInIndex = 0; path = TrainingSchedule.app; sourceTree = BUILT_PRODUCTS_DIR; };
		496DA6AE2C2BA9ED00147617 /* AppDelegate.swift */ = {isa = PBXFileReference; lastKnownFileType = sourcecode.swift; path = AppDelegate.swift; sourceTree = "<group>"; };
		496DA6B02C2BA9ED00147617 /* SceneDelegate.swift */ = {isa = PBXFileReference; lastKnownFileType = sourcecode.swift; path = SceneDelegate.swift; sourceTree = "<group>"; };
		496DA6B52C2BA9ED00147617 /* Base */ = {isa = PBXFileReference; lastKnownFileType = file.storyboard; name = Base; path = Base.lproj/Main.storyboard; sourceTree = "<group>"; };
		496DA6B82C2BA9ED00147617 /* TrainingSchedule.xcdatamodel */ = {isa = PBXFileReference; lastKnownFileType = wrapper.xcdatamodel; path = TrainingSchedule.xcdatamodel; sourceTree = "<group>"; };
		496DA6BA2C2BA9EE00147617 /* Assets.xcassets */ = {isa = PBXFileReference; lastKnownFileType = folder.assetcatalog; path = Assets.xcassets; sourceTree = "<group>"; };
		496DA6BD2C2BA9EE00147617 /* Base */ = {isa = PBXFileReference; lastKnownFileType = file.storyboard; name = Base; path = Base.lproj/LaunchScreen.storyboard; sourceTree = "<group>"; };
		496DA6BF2C2BA9EE00147617 /* Info.plist */ = {isa = PBXFileReference; lastKnownFileType = text.plist.xml; path = Info.plist; sourceTree = "<group>"; };
		496DA6CE2C2BB34500147617 /* OnboardingViewController.swift */ = {isa = PBXFileReference; lastKnownFileType = sourcecode.swift; path = OnboardingViewController.swift; sourceTree = "<group>"; };
		496DA6D02C2BB7B500147617 /* OnboardingSlide.swift */ = {isa = PBXFileReference; lastKnownFileType = sourcecode.swift; path = OnboardingSlide.swift; sourceTree = "<group>"; };
		496DA6D22C2BBA9300147617 /* OnboardingCollectionViewCell.swift */ = {isa = PBXFileReference; lastKnownFileType = sourcecode.swift; path = OnboardingCollectionViewCell.swift; sourceTree = "<group>"; };
		496DA6D92C2BE6F500147617 /* OnboardingData.swift */ = {isa = PBXFileReference; lastKnownFileType = sourcecode.swift; path = OnboardingData.swift; sourceTree = "<group>"; };
		4986AEAE2C3290D600581465 /* RoundCornerStackView.swift */ = {isa = PBXFileReference; lastKnownFileType = sourcecode.swift; path = RoundCornerStackView.swift; sourceTree = "<group>"; };
		4986AEB12C32930300581465 /* WeatherWindView.swift */ = {isa = PBXFileReference; lastKnownFileType = sourcecode.swift; path = WeatherWindView.swift; sourceTree = "<group>"; };
		4986AEB32C32931100581465 /* WeatherWindView.xib */ = {isa = PBXFileReference; lastKnownFileType = file.xib; path = WeatherWindView.xib; sourceTree = "<group>"; };
		49CCED612C2D100C00F1B513 /* WeatherStatus.swift */ = {isa = PBXFileReference; lastKnownFileType = sourcecode.swift; path = WeatherStatus.swift; sourceTree = "<group>"; };
		49CCED652C2D399400F1B513 /* WeatherViewModel.swift */ = {isa = PBXFileReference; lastKnownFileType = sourcecode.swift; path = WeatherViewModel.swift; sourceTree = "<group>"; };
		49CCED882C2E5CEF00F1B513 /* URLSession+Extension.swift */ = {isa = PBXFileReference; lastKnownFileType = sourcecode.swift; path = "URLSession+Extension.swift"; sourceTree = "<group>"; };
		49CCED8A2C2E62CA00F1B513 /* WeatherForecastStatus.swift */ = {isa = PBXFileReference; lastKnownFileType = sourcecode.swift; path = WeatherForecastStatus.swift; sourceTree = "<group>"; };
		49CCED8C2C2E640300F1B513 /* Weather.swift */ = {isa = PBXFileReference; lastKnownFileType = sourcecode.swift; path = Weather.swift; sourceTree = "<group>"; };
		49DD4CBD2C2EA16B0000F0B2 /* String.swift */ = {isa = PBXFileReference; lastKnownFileType = sourcecode.swift; path = String.swift; sourceTree = "<group>"; };
		49DD4CBF2C2EA2190000F0B2 /* Double.swift */ = {isa = PBXFileReference; lastKnownFileType = sourcecode.swift; path = Double.swift; sourceTree = "<group>"; };
		881B9C2DB744B2773087EF9A /* Pods-TrainingSchedule.release.xcconfig */ = {isa = PBXFileReference; includeInIndex = 1; lastKnownFileType = text.xcconfig; name = "Pods-TrainingSchedule.release.xcconfig"; path = "Target Support Files/Pods-TrainingSchedule/Pods-TrainingSchedule.release.xcconfig"; sourceTree = "<group>"; };
		E6A40F2F52BB8F335AB68AD4 /* Pods_TrainingSchedule.framework */ = {isa = PBXFileReference; explicitFileType = wrapper.framework; includeInIndex = 0; path = Pods_TrainingSchedule.framework; sourceTree = BUILT_PRODUCTS_DIR; };
/* End PBXFileReference section */

/* Begin PBXFrameworksBuildPhase section */
		496DA6A82C2BA9ED00147617 /* Frameworks */ = {
			isa = PBXFrameworksBuildPhase;
			buildActionMask = 2147483647;
			files = (
				8385CAD75C0B08DB04B816F1 /* Pods_TrainingSchedule.framework in Frameworks */,
			);
			runOnlyForDeploymentPostprocessing = 0;
		};
/* End PBXFrameworksBuildPhase section */

/* Begin PBXGroup section */
		1B5B29D090A4E21AA360FDB2 /* Frameworks */ = {
			isa = PBXGroup;
			children = (
				E6A40F2F52BB8F335AB68AD4 /* Pods_TrainingSchedule.framework */,
			);
			name = Frameworks;
			sourceTree = "<group>";
		};
		490DFE352C3D330F0043AB05 /* Data */ = {
			isa = PBXGroup;
			children = (
				490DFE372C3D33250043AB05 /* Network */,
				490DFE362C3D331E0043AB05 /* Local */,
			);
			name = Data;
			path = ..;
			sourceTree = "<group>";
		};
		490DFE362C3D331E0043AB05 /* Local */ = {
			isa = PBXGroup;
			children = (
				490DFE392C3D33410043AB05 /* CoreData */,
				490DFE382C3D33390043AB05 /* UserDefaults */,
			);
			path = Local;
			sourceTree = "<group>";
		};
		490DFE372C3D33250043AB05 /* Network */ = {
			isa = PBXGroup;
			children = (
				490DFE5C2C40D05D0043AB05 /* Weather */,
				490DFE622C40D3250043AB05 /* BaseService.swift */,
			);
			path = Network;
			sourceTree = "<group>";
		};
		490DFE382C3D33390043AB05 /* UserDefaults */ = {
			isa = PBXGroup;
			children = (
				490DFE3A2C3D337D0043AB05 /* GeneralUserDefaults.swift */,
			);
			path = UserDefaults;
			sourceTree = "<group>";
		};
		490DFE392C3D33410043AB05 /* CoreData */ = {
			isa = PBXGroup;
			children = (
				4996522D2C36859900A8CA4A /* RunningHistory */,
			);
			path = CoreData;
			sourceTree = "<group>";
		};
		490DFE3D2C3D34DA0043AB05 /* Presentation */ = {
			isa = PBXGroup;
			children = (
				490DFE3F2C3D34F10043AB05 /* CommonViews */,
				490DFE3E2C3D34ED0043AB05 /* Screens */,
			);
			path = Presentation;
			sourceTree = "<group>";
		};
		490DFE3E2C3D34ED0043AB05 /* Screens */ = {
			isa = PBXGroup;
			children = (
				490DFE462C3D48020043AB05 /* Calendar */,
				490DFE452C3D47FB0043AB05 /* Tabbar */,
				490DFE422C3D475F0043AB05 /* Map */,
				490DFE412C3D47490043AB05 /* Weather */,
				490DFE402C3D47160043AB05 /* Onboarding */,
			);
			path = Screens;
			sourceTree = "<group>";
		};
		490DFE3F2C3D34F10043AB05 /* CommonViews */ = {
			isa = PBXGroup;
			children = (
				4986AEAD2C3290BE00581465 /* RoundCornerStackView */,
				493EFC832C35551F007A4A0F /* RoundButton */,
			);
			path = CommonViews;
			sourceTree = "<group>";
		};
		490DFE402C3D47160043AB05 /* Onboarding */ = {
			isa = PBXGroup;
			children = (
				496DA6CE2C2BB34500147617 /* OnboardingViewController.swift */,
				496DA6D22C2BBA9300147617 /* OnboardingCollectionViewCell.swift */,
			);
			path = Onboarding;
			sourceTree = "<group>";
		};
		490DFE412C3D47490043AB05 /* Weather */ = {
			isa = PBXGroup;
			children = (
				490DFE432C3D478B0043AB05 /* Views */,
				49463A782C2C037E00B40AC9 /* WeatherViewController.swift */,
				49CCED652C2D399400F1B513 /* WeatherViewModel.swift */,
			);
			path = Weather;
			sourceTree = "<group>";
		};
		490DFE422C3D475F0043AB05 /* Map */ = {
			isa = PBXGroup;
			children = (
				490DFE442C3D47B10043AB05 /* Views */,
				493EFC812C3539F9007A4A0F /* MapViewController.swift */,
				493EFC7E2C3538CC007A4A0F /* MapViewModel.swift */,
			);
			path = Map;
			sourceTree = "<group>";
		};
		490DFE432C3D478B0043AB05 /* Views */ = {
			isa = PBXGroup;
			children = (
				493EFC4D2C33D334007A4A0F /* WeatherHeaderView */,
				493EFC452C339BE0007A4A0F /* WeatherStatusView */,
				4986AEB02C3292E500581465 /* WeatherWindView */,
				49600ADF2C32533300DDC4F1 /* CustomWeatherViewCell */,
			);
			path = Views;
			sourceTree = "<group>";
		};
		490DFE442C3D47B10043AB05 /* Views */ = {
			isa = PBXGroup;
			children = (
				49486CC32C52542800EF6A1C /* AchivementView */,
				493EFC8C2C363EE1007A4A0F /* MapPopupView */,
			);
			path = Views;
			sourceTree = "<group>";
		};
		490DFE452C3D47FB0043AB05 /* Tabbar */ = {
			isa = PBXGroup;
			children = (
				49463A702C2BFCCE00B40AC9 /* TabbarViewController.swift */,
			);
			path = Tabbar;
			sourceTree = "<group>";
		};
		490DFE462C3D48020043AB05 /* Calendar */ = {
			isa = PBXGroup;
			children = (
				490DFE572C3F73350043AB05 /* CalendarEdit */,
				490DFE4F2C3E68AA0043AB05 /* CalendarDetail */,
				490DFE4E2C3E689C0043AB05 /* Calendar */,
			);
			path = Calendar;
			sourceTree = "<group>";
		};
		490DFE472C3E2EDE0043AB05 /* Views */ = {
			isa = PBXGroup;
			children = (
				490DFE482C3E2EF00043AB05 /* CalendarCell.swift */,
			);
			path = Views;
			sourceTree = "<group>";
		};
		490DFE4A2C3E5FF50043AB05 /* Calendar */ = {
			isa = PBXGroup;
			children = (
				490DFE4C2C3E600B0043AB05 /* CalendarDate.swift */,
			);
			path = Calendar;
			sourceTree = "<group>";
		};
		490DFE4E2C3E689C0043AB05 /* Calendar */ = {
			isa = PBXGroup;
			children = (
				490DFE472C3E2EDE0043AB05 /* Views */,
				490DFE332C3D11AD0043AB05 /* CalendarViewModel.swift */,
				490DFE2D2C3D0ED30043AB05 /* CalendarViewController.swift */,
			);
			path = Calendar;
			sourceTree = "<group>";
		};
		490DFE4F2C3E68AA0043AB05 /* CalendarDetail */ = {
			isa = PBXGroup;
			children = (
				490DFE522C3E6AFE0043AB05 /* Views */,
				490DFE502C3E6A620043AB05 /* CalendarDetailViewController.swift */,
				490DFE552C3E6E210043AB05 /* CalendarDetailViewModel.swift */,
			);
			path = CalendarDetail;
			sourceTree = "<group>";
		};
		490DFE522C3E6AFE0043AB05 /* Views */ = {
			isa = PBXGroup;
			children = (
				490DFE532C3E6B0B0043AB05 /* CalendarDetailCell.swift */,
			);
			path = Views;
			sourceTree = "<group>";
		};
		490DFE572C3F73350043AB05 /* CalendarEdit */ = {
			isa = PBXGroup;
			children = (
				490DFE582C3F73430043AB05 /* CalendarEditViewController.swift */,
				490DFE5A2C3F7BBA0043AB05 /* CalendarEditViewModel.swift */,
			);
			path = CalendarEdit;
			sourceTree = "<group>";
		};
		490DFE5C2C40D05D0043AB05 /* Weather */ = {
			isa = PBXGroup;
			children = (
				490DFE5D2C40D0680043AB05 /* Router.swift */,
				490DFE5F2C40D1BC0043AB05 /* Service.swift */,
				490DFE642C40D3AF0043AB05 /* Repository.swift */,
			);
			path = Weather;
			sourceTree = "<group>";
		};
		493EFC452C339BE0007A4A0F /* WeatherStatusView */ = {
			isa = PBXGroup;
			children = (
				493EFC462C339BF7007A4A0F /* WeatherStatusView.swift */,
				493EFC492C339C05007A4A0F /* WeatherStatusView.xib */,
			);
			path = WeatherStatusView;
			sourceTree = "<group>";
		};
		493EFC4D2C33D334007A4A0F /* WeatherHeaderView */ = {
			isa = PBXGroup;
			children = (
				493EFC512C33D367007A4A0F /* WeatherHeaderView.swift */,
				493EFC552C33D428007A4A0F /* WeatherHeaderView.xib */,
			);
			path = WeatherHeaderView;
			sourceTree = "<group>";
		};
		493EFC7A2C35385C007A4A0F /* Onboarding */ = {
			isa = PBXGroup;
			children = (
				496DA6D02C2BB7B500147617 /* OnboardingSlide.swift */,
			);
			path = Onboarding;
			sourceTree = "<group>";
		};
		493EFC832C35551F007A4A0F /* RoundButton */ = {
			isa = PBXGroup;
			children = (
				493EFC862C355540007A4A0F /* RoundButton.swift */,
			);
			path = RoundButton;
			sourceTree = "<group>";
		};
		493EFC8C2C363EE1007A4A0F /* MapPopupView */ = {
			isa = PBXGroup;
			children = (
				493EFCA92C364D3A007A4A0F /* MapPopupViewController.swift */,
				493EFCAA2C364D3A007A4A0F /* MapPopupViewController.xib */,
			);
			path = MapPopupView;
			sourceTree = "<group>";
		};
		49486CC32C52542800EF6A1C /* AchivementView */ = {
			isa = PBXGroup;
			children = (
				49486CC42C52543C00EF6A1C /* AchivementViewController.swift */,
			);
			path = AchivementView;
			sourceTree = "<group>";
		};
		49600ADF2C32533300DDC4F1 /* CustomWeatherViewCell */ = {
			isa = PBXGroup;
			children = (
				49600AE22C32537F00DDC4F1 /* WeatherCollectionViewCell.swift */,
				49600AE32C32537F00DDC4F1 /* WeatherCollectionViewCell.xib */,
			);
			path = CustomWeatherViewCell;
			sourceTree = "<group>";
		};
		496DA6A22C2BA9ED00147617 = {
			isa = PBXGroup;
			children = (
				496DA6AD2C2BA9ED00147617 /* TrainingSchedule */,
				496DA6AC2C2BA9ED00147617 /* Products */,
				6B5FA3F6B9E9569CC3921218 /* Pods */,
				1B5B29D090A4E21AA360FDB2 /* Frameworks */,
			);
			sourceTree = "<group>";
		};
		496DA6AC2C2BA9ED00147617 /* Products */ = {
			isa = PBXGroup;
			children = (
				496DA6AB2C2BA9ED00147617 /* TrainingSchedule.app */,
			);
			name = Products;
			sourceTree = "<group>";
		};
		496DA6AD2C2BA9ED00147617 /* TrainingSchedule */ = {
			isa = PBXGroup;
			children = (
				490DFE3D2C3D34DA0043AB05 /* Presentation */,
				490DFE352C3D330F0043AB05 /* Data */,
				49DD4CBC2C2EA1410000F0B2 /* Helpers */,
				496DA6D82C2BE6D500147617 /* Assets */,
				496DA6CB2C2BB2FB00147617 /* Models */,
				496DA6AE2C2BA9ED00147617 /* AppDelegate.swift */,
				496DA6B02C2BA9ED00147617 /* SceneDelegate.swift */,
				496DA6B42C2BA9ED00147617 /* Main.storyboard */,
				496DA6BC2C2BA9EE00147617 /* LaunchScreen.storyboard */,
				496DA6BF2C2BA9EE00147617 /* Info.plist */,
				496DA6B72C2BA9ED00147617 /* TrainingSchedule.xcdatamodeld */,
			);
			path = TrainingSchedule;
			sourceTree = "<group>";
		};
		496DA6CB2C2BB2FB00147617 /* Models */ = {
			isa = PBXGroup;
			children = (
				490DFE4A2C3E5FF50043AB05 /* Calendar */,
				493EFC7A2C35385C007A4A0F /* Onboarding */,
				49CCED8E2C2E640A00F1B513 /* Weather */,
			);
			path = Models;
			sourceTree = "<group>";
		};
		496DA6D82C2BE6D500147617 /* Assets */ = {
			isa = PBXGroup;
			children = (
				496DA6BA2C2BA9EE00147617 /* Assets.xcassets */,
				496DA6D92C2BE6F500147617 /* OnboardingData.swift */,
			);
			path = Assets;
			sourceTree = "<group>";
		};
		4986AEAD2C3290BE00581465 /* RoundCornerStackView */ = {
			isa = PBXGroup;
			children = (
				4986AEAE2C3290D600581465 /* RoundCornerStackView.swift */,
			);
			path = RoundCornerStackView;
			sourceTree = "<group>";
		};
		4986AEB02C3292E500581465 /* WeatherWindView */ = {
			isa = PBXGroup;
			children = (
				4986AEB12C32930300581465 /* WeatherWindView.swift */,
				4986AEB32C32931100581465 /* WeatherWindView.xib */,
			);
			path = WeatherWindView;
			sourceTree = "<group>";
		};
		4996522D2C36859900A8CA4A /* RunningHistory */ = {
			isa = PBXGroup;
			children = (
				496C311A2C48EFAA007AB8B5 /* RunningHistory+CoreDataClass.swift */,
				496C31192C48EFAA007AB8B5 /* RunningHistory+CoreDataProperties.swift */,
			);
			path = RunningHistory;
			sourceTree = "<group>";
		};
		49CCED8E2C2E640A00F1B513 /* Weather */ = {
			isa = PBXGroup;
			children = (
				49CCED612C2D100C00F1B513 /* WeatherStatus.swift */,
				49CCED8A2C2E62CA00F1B513 /* WeatherForecastStatus.swift */,
				49CCED8C2C2E640300F1B513 /* Weather.swift */,
			);
			path = Weather;
			sourceTree = "<group>";
		};
		49DD4CBC2C2EA1410000F0B2 /* Helpers */ = {
			isa = PBXGroup;
			children = (
				49DD4CBD2C2EA16B0000F0B2 /* String.swift */,
				49DD4CBF2C2EA2190000F0B2 /* Double.swift */,
				493EFC882C363553007A4A0F /* Data.swift */,
				49463A732C2BFEA200B40AC9 /* UIViewController+Extension.swift */,
				49CCED882C2E5CEF00F1B513 /* URLSession+Extension.swift */,
				493EFC4B2C33AB65007A4A0F /* UIView+Extension.swift */,
			);
			path = Helpers;
			sourceTree = "<group>";
		};
		6B5FA3F6B9E9569CC3921218 /* Pods */ = {
			isa = PBXGroup;
			children = (
				446307F252543FBB558E229F /* Pods-TrainingSchedule.debug.xcconfig */,
				881B9C2DB744B2773087EF9A /* Pods-TrainingSchedule.release.xcconfig */,
			);
			path = Pods;
			sourceTree = "<group>";
		};
/* End PBXGroup section */

/* Begin PBXNativeTarget section */
		496DA6AA2C2BA9ED00147617 /* TrainingSchedule */ = {
			isa = PBXNativeTarget;
			buildConfigurationList = 496DA6C22C2BA9EE00147617 /* Build configuration list for PBXNativeTarget "TrainingSchedule" */;
			buildPhases = (
				2F01106E0AEA5B65B2AD8F7B /* [CP] Check Pods Manifest.lock */,
				1C1654FC85B6469761C5A65D /* [CP-User] Run Flutter Build congratulation_view Script */,
				496DA6A72C2BA9ED00147617 /* Sources */,
				496DA6A82C2BA9ED00147617 /* Frameworks */,
				496DA6A92C2BA9ED00147617 /* Resources */,
				496DA6C52C2BAAC400147617 /* ShellScript */,
				F2D67015D02CB887F3230753 /* [CP] Copy Pods Resources */,
				5D8FB0854FC33B2939C7CF41 /* [CP-User] Embed Flutter Build congratulation_view Script */,
			);
			buildRules = (
			);
			dependencies = (
			);
			name = TrainingSchedule;
			productName = TrainingSchedule;
			productReference = 496DA6AB2C2BA9ED00147617 /* TrainingSchedule.app */;
			productType = "com.apple.product-type.application";
		};
/* End PBXNativeTarget section */

/* Begin PBXProject section */
		496DA6A32C2BA9ED00147617 /* Project object */ = {
			isa = PBXProject;
			attributes = {
				BuildIndependentTargetsInParallel = 1;
				LastSwiftUpdateCheck = 1540;
				LastUpgradeCheck = 1540;
				TargetAttributes = {
					496DA6AA2C2BA9ED00147617 = {
						CreatedOnToolsVersion = 15.4;
					};
				};
			};
			buildConfigurationList = 496DA6A62C2BA9ED00147617 /* Build configuration list for PBXProject "TrainingSchedule" */;
			compatibilityVersion = "Xcode 14.0";
			developmentRegion = en;
			hasScannedForEncodings = 0;
			knownRegions = (
				en,
				Base,
			);
			mainGroup = 496DA6A22C2BA9ED00147617;
			productRefGroup = 496DA6AC2C2BA9ED00147617 /* Products */;
			projectDirPath = "";
			projectRoot = "";
			targets = (
				496DA6AA2C2BA9ED00147617 /* TrainingSchedule */,
			);
		};
/* End PBXProject section */

/* Begin PBXResourcesBuildPhase section */
		496DA6A92C2BA9ED00147617 /* Resources */ = {
			isa = PBXResourcesBuildPhase;
			buildActionMask = 2147483647;
			files = (
				496DA6BB2C2BA9EE00147617 /* Assets.xcassets in Resources */,
				493EFC4A2C339C05007A4A0F /* WeatherStatusView.xib in Resources */,
				49600AE42C32537F00DDC4F1 /* WeatherCollectionViewCell.xib in Resources */,
				496DA6BE2C2BA9EE00147617 /* Base in Resources */,
				493EFCAC2C364D3A007A4A0F /* MapPopupViewController.xib in Resources */,
				493EFC562C33D428007A4A0F /* WeatherHeaderView.xib in Resources */,
				4986AEB42C32931100581465 /* WeatherWindView.xib in Resources */,
				496DA6B62C2BA9ED00147617 /* Base in Resources */,
			);
			runOnlyForDeploymentPostprocessing = 0;
		};
/* End PBXResourcesBuildPhase section */

/* Begin PBXShellScriptBuildPhase section */
		1C1654FC85B6469761C5A65D /* [CP-User] Run Flutter Build congratulation_view Script */ = {
			isa = PBXShellScriptBuildPhase;
			buildActionMask = 2147483647;
			files = (
			);
			name = "[CP-User] Run Flutter Build congratulation_view Script";
			runOnlyForDeploymentPostprocessing = 0;
			shellPath = /bin/sh;
			shellScript = "set -e\nset -u\nsource \"${SRCROOT}/../congratulation_view/.ios/Flutter/flutter_export_environment.sh\"\nexport VERBOSE_SCRIPT_LOGGING=1 && \"$FLUTTER_ROOT\"/packages/flutter_tools/bin/xcode_backend.sh build\n";
		};
		2F01106E0AEA5B65B2AD8F7B /* [CP] Check Pods Manifest.lock */ = {
			isa = PBXShellScriptBuildPhase;
			buildActionMask = 2147483647;
			files = (
			);
			inputFileListPaths = (
			);
			inputPaths = (
				"${PODS_PODFILE_DIR_PATH}/Podfile.lock",
				"${PODS_ROOT}/Manifest.lock",
			);
			name = "[CP] Check Pods Manifest.lock";
			outputFileListPaths = (
			);
			outputPaths = (
				"$(DERIVED_FILE_DIR)/Pods-TrainingSchedule-checkManifestLockResult.txt",
			);
			runOnlyForDeploymentPostprocessing = 0;
			shellPath = /bin/sh;
			shellScript = "diff \"${PODS_PODFILE_DIR_PATH}/Podfile.lock\" \"${PODS_ROOT}/Manifest.lock\" > /dev/null\nif [ $? != 0 ] ; then\n    # print error to STDERR\n    echo \"error: The sandbox is not in sync with the Podfile.lock. Run 'pod install' or update your CocoaPods installation.\" >&2\n    exit 1\nfi\n# This output is used by Xcode 'outputs' to avoid re-running this script phase.\necho \"SUCCESS\" > \"${SCRIPT_OUTPUT_FILE_0}\"\n";
			showEnvVarsInLog = 0;
		};
		496DA6C52C2BAAC400147617 /* ShellScript */ = {
			isa = PBXShellScriptBuildPhase;
			alwaysOutOfDate = 1;
			buildActionMask = 12;
			files = (
			);
			inputFileListPaths = (
			);
			inputPaths = (
			);
			outputFileListPaths = (
			);
			outputPaths = (
			);
			runOnlyForDeploymentPostprocessing = 0;
			shellPath = /bin/sh;
			shellScript = "${PODS_ROOT}/SwiftLint/swiftlint\n";
			showEnvVarsInLog = 0;
		};
		5D8FB0854FC33B2939C7CF41 /* [CP-User] Embed Flutter Build congratulation_view Script */ = {
			isa = PBXShellScriptBuildPhase;
			alwaysOutOfDate = 1;
			buildActionMask = 2147483647;
			files = (
			);
			name = "[CP-User] Embed Flutter Build congratulation_view Script";
			runOnlyForDeploymentPostprocessing = 0;
			shellPath = /bin/sh;
			shellScript = "set -e\nset -u\nsource \"${SRCROOT}/../congratulation_view/.ios/Flutter/flutter_export_environment.sh\"\nexport VERBOSE_SCRIPT_LOGGING=1 && \"$FLUTTER_ROOT\"/packages/flutter_tools/bin/xcode_backend.sh embed_and_thin\n";
		};
		F2D67015D02CB887F3230753 /* [CP] Copy Pods Resources */ = {
			isa = PBXShellScriptBuildPhase;
			buildActionMask = 2147483647;
			files = (
			);
			inputFileListPaths = (
				"${PODS_ROOT}/Target Support Files/Pods-TrainingSchedule/Pods-TrainingSchedule-resources-${CONFIGURATION}-input-files.xcfilelist",
			);
			name = "[CP] Copy Pods Resources";
			outputFileListPaths = (
				"${PODS_ROOT}/Target Support Files/Pods-TrainingSchedule/Pods-TrainingSchedule-resources-${CONFIGURATION}-output-files.xcfilelist",
			);
			runOnlyForDeploymentPostprocessing = 0;
			shellPath = /bin/sh;
			shellScript = "\"${PODS_ROOT}/Target Support Files/Pods-TrainingSchedule/Pods-TrainingSchedule-resources.sh\"\n";
			showEnvVarsInLog = 0;
		};
/* End PBXShellScriptBuildPhase section */

/* Begin PBXSourcesBuildPhase section */
		496DA6A72C2BA9ED00147617 /* Sources */ = {
			isa = PBXSourcesBuildPhase;
			buildActionMask = 2147483647;
			files = (
				493EFC872C355540007A4A0F /* RoundButton.swift in Sources */,
				49463A742C2BFEA200B40AC9 /* UIViewController+Extension.swift in Sources */,
				493EFC472C339BF7007A4A0F /* WeatherStatusView.swift in Sources */,
				49CCED8D2C2E640300F1B513 /* Weather.swift in Sources */,
				49CCED8B2C2E62CA00F1B513 /* WeatherForecastStatus.swift in Sources */,
				49463A712C2BFCCE00B40AC9 /* TabbarViewController.swift in Sources */,
				4986AEB22C32930300581465 /* WeatherWindView.swift in Sources */,
				490DFE342C3D11AD0043AB05 /* CalendarViewModel.swift in Sources */,
				493EFC522C33D367007A4A0F /* WeatherHeaderView.swift in Sources */,
				490DFE5E2C40D0680043AB05 /* Router.swift in Sources */,
				496DA6AF2C2BA9ED00147617 /* AppDelegate.swift in Sources */,
				490DFE602C40D1BC0043AB05 /* Service.swift in Sources */,
				49600AE52C32537F00DDC4F1 /* WeatherCollectionViewCell.swift in Sources */,
				490DFE592C3F73430043AB05 /* CalendarEditViewController.swift in Sources */,
				496DA6CF2C2BB34500147617 /* OnboardingViewController.swift in Sources */,
				490DFE652C40D3AF0043AB05 /* Repository.swift in Sources */,
				49CCED662C2D399400F1B513 /* WeatherViewModel.swift in Sources */,
				493EFC822C3539F9007A4A0F /* MapViewController.swift in Sources */,
				496DA6B92C2BA9ED00147617 /* TrainingSchedule.xcdatamodeld in Sources */,
				49DD4CC02C2EA2190000F0B2 /* Double.swift in Sources */,
				493EFC4C2C33AB65007A4A0F /* UIView+Extension.swift in Sources */,
				496DA6DA2C2BE6F500147617 /* OnboardingData.swift in Sources */,
				49486CC52C52543C00EF6A1C /* AchivementViewController.swift in Sources */,
				493EFC7F2C3538CC007A4A0F /* MapViewModel.swift in Sources */,
				490DFE562C3E6E210043AB05 /* CalendarDetailViewModel.swift in Sources */,
				490DFE3B2C3D337D0043AB05 /* GeneralUserDefaults.swift in Sources */,
				496DA6D12C2BB7B500147617 /* OnboardingSlide.swift in Sources */,
				490DFE512C3E6A620043AB05 /* CalendarDetailViewController.swift in Sources */,
				4986AEAF2C3290D600581465 /* RoundCornerStackView.swift in Sources */,
				493EFCAB2C364D3A007A4A0F /* MapPopupViewController.swift in Sources */,
				490DFE2E2C3D0ED30043AB05 /* CalendarViewController.swift in Sources */,
				496DA6D32C2BBA9300147617 /* OnboardingCollectionViewCell.swift in Sources */,
				490DFE632C40D3250043AB05 /* BaseService.swift in Sources */,
				490DFE5B2C3F7BBA0043AB05 /* CalendarEditViewModel.swift in Sources */,
				490DFE4D2C3E600B0043AB05 /* CalendarDate.swift in Sources */,
				49DD4CBE2C2EA16B0000F0B2 /* String.swift in Sources */,
				49CCED892C2E5CEF00F1B513 /* URLSession+Extension.swift in Sources */,
				49CCED622C2D100C00F1B513 /* WeatherStatus.swift in Sources */,
				490DFE492C3E2EF00043AB05 /* CalendarCell.swift in Sources */,
				496DA6B12C2BA9ED00147617 /* SceneDelegate.swift in Sources */,
				496C311C2C48EFAA007AB8B5 /* RunningHistory+CoreDataClass.swift in Sources */,
				49463A792C2C037E00B40AC9 /* WeatherViewController.swift in Sources */,
				493EFC892C363553007A4A0F /* Data.swift in Sources */,
				490DFE542C3E6B0B0043AB05 /* CalendarDetailCell.swift in Sources */,
				496C311B2C48EFAA007AB8B5 /* RunningHistory+CoreDataProperties.swift in Sources */,
			);
			runOnlyForDeploymentPostprocessing = 0;
		};
/* End PBXSourcesBuildPhase section */

/* Begin PBXVariantGroup section */
		496DA6B42C2BA9ED00147617 /* Main.storyboard */ = {
			isa = PBXVariantGroup;
			children = (
				496DA6B52C2BA9ED00147617 /* Base */,
			);
			name = Main.storyboard;
			sourceTree = "<group>";
		};
		496DA6BC2C2BA9EE00147617 /* LaunchScreen.storyboard */ = {
			isa = PBXVariantGroup;
			children = (
				496DA6BD2C2BA9EE00147617 /* Base */,
			);
			name = LaunchScreen.storyboard;
			sourceTree = "<group>";
		};
/* End PBXVariantGroup section */

/* Begin XCBuildConfiguration section */
		496DA6C02C2BA9EE00147617 /* Debug */ = {
			isa = XCBuildConfiguration;
			buildSettings = {
				ALWAYS_SEARCH_USER_PATHS = NO;
				ASSETCATALOG_COMPILER_GENERATE_SWIFT_ASSET_SYMBOL_EXTENSIONS = YES;
				CLANG_ANALYZER_NONNULL = YES;
				CLANG_ANALYZER_NUMBER_OBJECT_CONVERSION = YES_AGGRESSIVE;
				CLANG_CXX_LANGUAGE_STANDARD = "gnu++20";
				CLANG_ENABLE_MODULES = YES;
				CLANG_ENABLE_OBJC_ARC = YES;
				CLANG_ENABLE_OBJC_WEAK = YES;
				CLANG_WARN_BLOCK_CAPTURE_AUTORELEASING = YES;
				CLANG_WARN_BOOL_CONVERSION = YES;
				CLANG_WARN_COMMA = YES;
				CLANG_WARN_CONSTANT_CONVERSION = YES;
				CLANG_WARN_DEPRECATED_OBJC_IMPLEMENTATIONS = YES;
				CLANG_WARN_DIRECT_OBJC_ISA_USAGE = YES_ERROR;
				CLANG_WARN_DOCUMENTATION_COMMENTS = YES;
				CLANG_WARN_EMPTY_BODY = YES;
				CLANG_WARN_ENUM_CONVERSION = YES;
				CLANG_WARN_INFINITE_RECURSION = YES;
				CLANG_WARN_INT_CONVERSION = YES;
				CLANG_WARN_NON_LITERAL_NULL_CONVERSION = YES;
				CLANG_WARN_OBJC_IMPLICIT_RETAIN_SELF = YES;
				CLANG_WARN_OBJC_LITERAL_CONVERSION = YES;
				CLANG_WARN_OBJC_ROOT_CLASS = YES_ERROR;
				CLANG_WARN_QUOTED_INCLUDE_IN_FRAMEWORK_HEADER = YES;
				CLANG_WARN_RANGE_LOOP_ANALYSIS = YES;
				CLANG_WARN_STRICT_PROTOTYPES = YES;
				CLANG_WARN_SUSPICIOUS_MOVE = YES;
				CLANG_WARN_UNGUARDED_AVAILABILITY = YES_AGGRESSIVE;
				CLANG_WARN_UNREACHABLE_CODE = YES;
				CLANG_WARN__DUPLICATE_METHOD_MATCH = YES;
				COPY_PHASE_STRIP = NO;
				DEBUG_INFORMATION_FORMAT = dwarf;
				ENABLE_STRICT_OBJC_MSGSEND = YES;
				ENABLE_TESTABILITY = YES;
				ENABLE_USER_SCRIPT_SANDBOXING = YES;
				GCC_C_LANGUAGE_STANDARD = gnu17;
				GCC_DYNAMIC_NO_PIC = NO;
				GCC_NO_COMMON_BLOCKS = YES;
				GCC_OPTIMIZATION_LEVEL = 0;
				GCC_PREPROCESSOR_DEFINITIONS = (
					"DEBUG=1",
					"$(inherited)",
				);
				GCC_WARN_64_TO_32_BIT_CONVERSION = YES;
				GCC_WARN_ABOUT_RETURN_TYPE = YES_ERROR;
				GCC_WARN_UNDECLARED_SELECTOR = YES;
				GCC_WARN_UNINITIALIZED_AUTOS = YES_AGGRESSIVE;
				GCC_WARN_UNUSED_FUNCTION = YES;
				GCC_WARN_UNUSED_VARIABLE = YES;
				IPHONEOS_DEPLOYMENT_TARGET = 17.5;
				LOCALIZATION_PREFERS_STRING_CATALOGS = YES;
				MTL_ENABLE_DEBUG_INFO = INCLUDE_SOURCE;
				MTL_FAST_MATH = YES;
				ONLY_ACTIVE_ARCH = YES;
				SDKROOT = iphoneos;
				SWIFT_ACTIVE_COMPILATION_CONDITIONS = "DEBUG $(inherited)";
				SWIFT_OPTIMIZATION_LEVEL = "-Onone";
			};
			name = Debug;
		};
		496DA6C12C2BA9EE00147617 /* Release */ = {
			isa = XCBuildConfiguration;
			buildSettings = {
				ALWAYS_SEARCH_USER_PATHS = NO;
				ASSETCATALOG_COMPILER_GENERATE_SWIFT_ASSET_SYMBOL_EXTENSIONS = YES;
				CLANG_ANALYZER_NONNULL = YES;
				CLANG_ANALYZER_NUMBER_OBJECT_CONVERSION = YES_AGGRESSIVE;
				CLANG_CXX_LANGUAGE_STANDARD = "gnu++20";
				CLANG_ENABLE_MODULES = YES;
				CLANG_ENABLE_OBJC_ARC = YES;
				CLANG_ENABLE_OBJC_WEAK = YES;
				CLANG_WARN_BLOCK_CAPTURE_AUTORELEASING = YES;
				CLANG_WARN_BOOL_CONVERSION = YES;
				CLANG_WARN_COMMA = YES;
				CLANG_WARN_CONSTANT_CONVERSION = YES;
				CLANG_WARN_DEPRECATED_OBJC_IMPLEMENTATIONS = YES;
				CLANG_WARN_DIRECT_OBJC_ISA_USAGE = YES_ERROR;
				CLANG_WARN_DOCUMENTATION_COMMENTS = YES;
				CLANG_WARN_EMPTY_BODY = YES;
				CLANG_WARN_ENUM_CONVERSION = YES;
				CLANG_WARN_INFINITE_RECURSION = YES;
				CLANG_WARN_INT_CONVERSION = YES;
				CLANG_WARN_NON_LITERAL_NULL_CONVERSION = YES;
				CLANG_WARN_OBJC_IMPLICIT_RETAIN_SELF = YES;
				CLANG_WARN_OBJC_LITERAL_CONVERSION = YES;
				CLANG_WARN_OBJC_ROOT_CLASS = YES_ERROR;
				CLANG_WARN_QUOTED_INCLUDE_IN_FRAMEWORK_HEADER = YES;
				CLANG_WARN_RANGE_LOOP_ANALYSIS = YES;
				CLANG_WARN_STRICT_PROTOTYPES = YES;
				CLANG_WARN_SUSPICIOUS_MOVE = YES;
				CLANG_WARN_UNGUARDED_AVAILABILITY = YES_AGGRESSIVE;
				CLANG_WARN_UNREACHABLE_CODE = YES;
				CLANG_WARN__DUPLICATE_METHOD_MATCH = YES;
				COPY_PHASE_STRIP = NO;
				DEBUG_INFORMATION_FORMAT = "dwarf-with-dsym";
				ENABLE_NS_ASSERTIONS = NO;
				ENABLE_STRICT_OBJC_MSGSEND = YES;
				ENABLE_USER_SCRIPT_SANDBOXING = YES;
				GCC_C_LANGUAGE_STANDARD = gnu17;
				GCC_NO_COMMON_BLOCKS = YES;
				GCC_WARN_64_TO_32_BIT_CONVERSION = YES;
				GCC_WARN_ABOUT_RETURN_TYPE = YES_ERROR;
				GCC_WARN_UNDECLARED_SELECTOR = YES;
				GCC_WARN_UNINITIALIZED_AUTOS = YES_AGGRESSIVE;
				GCC_WARN_UNUSED_FUNCTION = YES;
				GCC_WARN_UNUSED_VARIABLE = YES;
				IPHONEOS_DEPLOYMENT_TARGET = 17.5;
				LOCALIZATION_PREFERS_STRING_CATALOGS = YES;
				MTL_ENABLE_DEBUG_INFO = NO;
				MTL_FAST_MATH = YES;
				SDKROOT = iphoneos;
				SWIFT_COMPILATION_MODE = wholemodule;
				VALIDATE_PRODUCT = YES;
			};
			name = Release;
		};
		496DA6C32C2BA9EE00147617 /* Debug */ = {
			isa = XCBuildConfiguration;
			baseConfigurationReference = 446307F252543FBB558E229F /* Pods-TrainingSchedule.debug.xcconfig */;
			buildSettings = {
				ASSETCATALOG_COMPILER_APPICON_NAME = AppIcon;
				ASSETCATALOG_COMPILER_GLOBAL_ACCENT_COLOR_NAME = AccentColor;
				CODE_SIGN_STYLE = Automatic;
				CURRENT_PROJECT_VERSION = 1;
				ENABLE_USER_SCRIPT_SANDBOXING = NO;
				GENERATE_INFOPLIST_FILE = YES;
				INFOPLIST_FILE = TrainingSchedule/Info.plist;
				INFOPLIST_KEY_NSLocationAlwaysAndWhenInUseUsageDescription = "TrainingSchedule need your location.";
				INFOPLIST_KEY_NSLocationAlwaysUsageDescription = "TrainingSchedule need your location.";
				INFOPLIST_KEY_NSLocationWhenInUseUsageDescription = "TrainingSchedule need your location.";
				INFOPLIST_KEY_UIApplicationSupportsIndirectInputEvents = YES;
				INFOPLIST_KEY_UILaunchStoryboardName = LaunchScreen;
				INFOPLIST_KEY_UIMainStoryboardFile = Main;
				INFOPLIST_KEY_UISupportedInterfaceOrientations = UIInterfaceOrientationPortrait;
				LD_RUNPATH_SEARCH_PATHS = (
					"$(inherited)",
					"@executable_path/Frameworks",
				);
				MARKETING_VERSION = 1.0;
				PRODUCT_BUNDLE_IDENTIFIER = haru.TrainingSchedule;
				PRODUCT_NAME = "$(TARGET_NAME)";
				SWIFT_EMIT_LOC_STRINGS = YES;
				SWIFT_VERSION = 5.0;
				TARGETED_DEVICE_FAMILY = "1,2";
			};
			name = Debug;
		};
		496DA6C42C2BA9EE00147617 /* Release */ = {
			isa = XCBuildConfiguration;
			baseConfigurationReference = 881B9C2DB744B2773087EF9A /* Pods-TrainingSchedule.release.xcconfig */;
			buildSettings = {
				ASSETCATALOG_COMPILER_APPICON_NAME = AppIcon;
				ASSETCATALOG_COMPILER_GLOBAL_ACCENT_COLOR_NAME = AccentColor;
				CODE_SIGN_STYLE = Automatic;
				CURRENT_PROJECT_VERSION = 1;
				ENABLE_USER_SCRIPT_SANDBOXING = NO;
				GENERATE_INFOPLIST_FILE = YES;
				INFOPLIST_FILE = TrainingSchedule/Info.plist;
				INFOPLIST_KEY_NSLocationAlwaysAndWhenInUseUsageDescription = "TrainingSchedule need your location.";
				INFOPLIST_KEY_NSLocationAlwaysUsageDescription = "TrainingSchedule need your location.";
				INFOPLIST_KEY_NSLocationWhenInUseUsageDescription = "TrainingSchedule need your location.";
				INFOPLIST_KEY_UIApplicationSupportsIndirectInputEvents = YES;
				INFOPLIST_KEY_UILaunchStoryboardName = LaunchScreen;
				INFOPLIST_KEY_UIMainStoryboardFile = Main;
				INFOPLIST_KEY_UISupportedInterfaceOrientations = UIInterfaceOrientationPortrait;
				LD_RUNPATH_SEARCH_PATHS = (
					"$(inherited)",
					"@executable_path/Frameworks",
				);
				MARKETING_VERSION = 1.0;
				PRODUCT_BUNDLE_IDENTIFIER = haru.TrainingSchedule;
				PRODUCT_NAME = "$(TARGET_NAME)";
				SWIFT_EMIT_LOC_STRINGS = YES;
				SWIFT_VERSION = 5.0;
				TARGETED_DEVICE_FAMILY = "1,2";
			};
			name = Release;
		};
/* End XCBuildConfiguration section */

/* Begin XCConfigurationList section */
		496DA6A62C2BA9ED00147617 /* Build configuration list for PBXProject "TrainingSchedule" */ = {
			isa = XCConfigurationList;
			buildConfigurations = (
				496DA6C02C2BA9EE00147617 /* Debug */,
				496DA6C12C2BA9EE00147617 /* Release */,
			);
			defaultConfigurationIsVisible = 0;
			defaultConfigurationName = Release;
		};
		496DA6C22C2BA9EE00147617 /* Build configuration list for PBXNativeTarget "TrainingSchedule" */ = {
			isa = XCConfigurationList;
			buildConfigurations = (
				496DA6C32C2BA9EE00147617 /* Debug */,
				496DA6C42C2BA9EE00147617 /* Release */,
			);
			defaultConfigurationIsVisible = 0;
			defaultConfigurationName = Release;
		};
/* End XCConfigurationList section */

/* Begin XCVersionGroup section */
		496DA6B72C2BA9ED00147617 /* TrainingSchedule.xcdatamodeld */ = {
			isa = XCVersionGroup;
			children = (
				496DA6B82C2BA9ED00147617 /* TrainingSchedule.xcdatamodel */,
			);
			currentVersion = 496DA6B82C2BA9ED00147617 /* TrainingSchedule.xcdatamodel */;
			path = TrainingSchedule.xcdatamodeld;
			sourceTree = "<group>";
			versionGroupType = wrapper.xcdatamodel;
		};
/* End XCVersionGroup section */
	};
	rootObject = 496DA6A32C2BA9ED00147617 /* Project object */;
}
